
Microsoft Visual Studio Solution File, Format Version 12.00
# Visual Studio Version 16
VisualStudioVersion = 16.0.31613.86
MinimumVisualStudioVersion = 10.0.40219.1
Project("{9A19103F-16F7-4668-BE54-9A1E7A4F7556}") = "DataAccess", "DataAccess\DataAccess.csproj", "{729396BC-59BD-483F-8FBC-2016843194C1}"
EndProject
Project("{9A19103F-16F7-4668-BE54-9A1E7A4F7556}") = "Business", "Business\Business.csproj", "{47BB7B16-8FE8-4F47-9BC5-332ABBF34D0D}"
EndProject
Project("{9A19103F-16F7-4668-BE54-9A1E7A4F7556}") = "Entities", "Entity\Entities.csproj", "{C7AEF630-AA85-40B1-B4FA-CAAD606DEC70}"
EndProject
Project("{9A19103F-16F7-4668-BE54-9A1E7A4F7556}") = "ConsoleUI", "ConsoleUI\ConsoleUI.csproj", "{F95573D4-58E5-48C4-A0FE-94F442DAE402}"
EndProject
Project("{9A19103F-16F7-4668-BE54-9A1E7A4F7556}") = "Core", "Core\Core.csproj", "{7E2CAD92-CB9B-4D83-974B-8DFE1234DB8B}"
EndProject
Project("{FAE04EC0-301F-11D3-BF4B-00C04F79EFBC}") = "WebAPI", "WebAPI\WebAPI.csproj", "{DD833FF1-5EEB-4363-822F-9370B50C686A}"
EndProject
Global
	GlobalSection(SolutionConfigurationPlatforms) = preSolution
		Debug|Any CPU = Debug|Any CPU
		Release|Any CPU = Release|Any CPU
	EndGlobalSection
	GlobalSection(ProjectConfigurationPlatforms) = postSolution
		{729396BC-59BD-483F-8FBC-2016843194C1}.Debug|Any CPU.ActiveCfg = Debug|Any CPU
		{729396BC-59BD-483F-8FBC-2016843194C1}.Debug|Any CPU.Build.0 = Debug|Any CPU
		{729396BC-59BD-483F-8FBC-2016843194C1}.Release|Any CPU.ActiveCfg = Release|Any CPU
		{729396BC-59BD-483F-8FBC-2016843194C1}.Release|Any CPU.Build.0 = Release|Any CPU
		{47BB7B16-8FE8-4F47-9BC5-332ABBF34D0D}.Debug|Any CPU.ActiveCfg = Debug|Any CPU
		{47BB7B16-8FE8-4F47-9BC5-332ABBF34D0D}.Debug|Any CPU.Build.0 = Debug|Any CPU
		{47BB7B16-8FE8-4F47-9BC5-332ABBF34D0D}.Release|Any CPU.ActiveCfg = Release|Any CPU
		{47BB7B16-8FE8-4F47-9BC5-332ABBF34D0D}.Release|Any CPU.Build.0 = Release|Any CPU
		{C7AEF630-AA85-40B1-B4FA-CAAD606DEC70}.Debug|Any CPU.ActiveCfg = Debug|Any CPU
		{C7AEF630-AA85-40B1-B4FA-CAAD606DEC70}.Debug|Any CPU.Build.0 = Debug|Any CPU
		{C7AEF630-AA85-40B1-B4FA-CAAD606DEC70}.Release|Any CPU.ActiveCfg = Release|Any CPU
		{C7AEF630-AA85-40B1-B4FA-CAAD606DEC70}.Release|Any CPU.Build.0 = Release|Any CPU
		{F95573D4-58E5-48C4-A0FE-94F442DAE402}.Debug|Any CPU.ActiveCfg = Debug|Any CPU
		{F95573D4-58E5-48C4-A0FE-94F442DAE402}.Debug|Any CPU.Build.0 = Debug|Any CPU
		{F95573D4-58E5-48C4-A0FE-94F442DAE402}.Release|Any CPU.ActiveCfg = Release|Any CPU
		{F95573D4-58E5-48C4-A0FE-94F442DAE402}.Release|Any CPU.Build.0 = Release|Any CPU
		{7E2CAD92-CB9B-4D83-974B-8DFE1234DB8B}.Debug|Any CPU.ActiveCfg = Debug|Any CPU
		{7E2CAD92-CB9B-4D83-974B-8DFE1234DB8B}.Debug|Any CPU.Build.0 = Debug|Any CPU
		{7E2CAD92-CB9B-4D83-974B-8DFE1234DB8B}.Release|Any CPU.ActiveCfg = Release|Any CPU
		{7E2CAD92-CB9B-4D83-974B-8DFE1234DB8B}.Release|Any CPU.Build.0 = Release|Any CPU
		{DD833FF1-5EEB-4363-822F-9370B50C686A}.Debug|Any CPU.ActiveCfg = Debug|Any CPU
		{DD833FF1-5EEB-4363-822F-9370B50C686A}.Debug|Any CPU.Build.0 = Debug|Any CPU
		{DD833FF1-5EEB-4363-822F-9370B50C686A}.Release|Any CPU.ActiveCfg = Release|Any CPU
		{DD833FF1-5EEB-4363-822F-9370B50C686A}.Release|Any CPU.Build.0 = Release|Any CPU
	EndGlobalSection
	GlobalSection(SolutionProperties) = preSolution
		HideSolutionNode = FALSE
	EndGlobalSection
	GlobalSection(ExtensibilityGlobals) = postSolution
		SolutionGuid = {DBE76C7D-DA57-429D-B5D6-278C7FF69618}
	EndGlobalSection
EndGlobal
